
Microsoft Visual Studio Solution File, Format Version 12.00
# Visual Studio Version 17
VisualStudioVersion = 17.0.31903.59
MinimumVisualStudioVersion = 10.0.40219.1
Project("{FAE04EC0-301F-11D3-BF4B-00C04F79EFBC}") = "Manila", "Manila\Manila.csproj", "{6CFC0330-0148-4828-8727-324FA95DA75C}"
EndProject
Project("{FAE04EC0-301F-11D3-BF4B-00C04F79EFBC}") = "Manila.CLI", "Manila.CLI\Manila.CLI.csproj", "{EBFA73C2-7FFB-48C1-97E9-C8BBB82175E8}"
EndProject
Project("{FAE04EC0-301F-11D3-BF4B-00C04F79EFBC}") = "Manila.CPP", "Manila.CPP\Manila.CPP.csproj", "{CCEB3347-7AF6-41D3-A77D-594F652661E9}"
EndProject
Project("{FAE04EC0-301F-11D3-BF4B-00C04F79EFBC}") = "Manila.Discord", "Manila.Discord\Manila.Discord.csproj", "{383D6207-0A85-429C-A809-468477EC5882}"
EndProject
Project("{FAE04EC0-301F-11D3-BF4B-00C04F79EFBC}") = "Manila.Logging", "Manila.Logging\Manila.Logging.csproj", "{9026F860-344A-4C64-A8D9-7E9FD187DE76}"
EndProject
Project("{FAE04EC0-301F-11D3-BF4B-00C04F79EFBC}") = "Manila.Profiling", "Manila.Profiling\Manila.Profiling.csproj", "{9219361C-D24C-4132-89A2-B638EC340817}"
EndProject
Project("{FAE04EC0-301F-11D3-BF4B-00C04F79EFBC}") = "Manila.Tests", "Manila.Tests\Manila.Tests.csproj", "{9DDC7D67-BC3C-4DC9-9A20-DFF4D6983D13}"
EndProject
Global
	GlobalSection(SolutionConfigurationPlatforms) = preSolution
		Debug|Any CPU = Debug|Any CPU
		Debug|x64 = Debug|x64
		Debug|x86 = Debug|x86
		Release|Any CPU = Release|Any CPU
		Release|x64 = Release|x64
		Release|x86 = Release|x86
	EndGlobalSection
	GlobalSection(ProjectConfigurationPlatforms) = postSolution
		{6CFC0330-0148-4828-8727-324FA95DA75C}.Debug|Any CPU.ActiveCfg = Debug|Any CPU
		{6CFC0330-0148-4828-8727-324FA95DA75C}.Debug|Any CPU.Build.0 = Debug|Any CPU
		{6CFC0330-0148-4828-8727-324FA95DA75C}.Debug|x64.ActiveCfg = Debug|Any CPU
		{6CFC0330-0148-4828-8727-324FA95DA75C}.Debug|x64.Build.0 = Debug|Any CPU
		{6CFC0330-0148-4828-8727-324FA95DA75C}.Debug|x86.ActiveCfg = Debug|Any CPU
		{6CFC0330-0148-4828-8727-324FA95DA75C}.Debug|x86.Build.0 = Debug|Any CPU
		{6CFC0330-0148-4828-8727-324FA95DA75C}.Release|Any CPU.ActiveCfg = Release|Any CPU
		{6CFC0330-0148-4828-8727-324FA95DA75C}.Release|Any CPU.Build.0 = Release|Any CPU
		{6CFC0330-0148-4828-8727-324FA95DA75C}.Release|x64.ActiveCfg = Release|Any CPU
		{6CFC0330-0148-4828-8727-324FA95DA75C}.Release|x64.Build.0 = Release|Any CPU
		{6CFC0330-0148-4828-8727-324FA95DA75C}.Release|x86.ActiveCfg = Release|Any CPU
		{6CFC0330-0148-4828-8727-324FA95DA75C}.Release|x86.Build.0 = Release|Any CPU
		{EBFA73C2-7FFB-48C1-97E9-C8BBB82175E8}.Debug|Any CPU.ActiveCfg = Debug|Any CPU
		{EBFA73C2-7FFB-48C1-97E9-C8BBB82175E8}.Debug|Any CPU.Build.0 = Debug|Any CPU
		{EBFA73C2-7FFB-48C1-97E9-C8BBB82175E8}.Debug|x64.ActiveCfg = Debug|Any CPU
		{EBFA73C2-7FFB-48C1-97E9-C8BBB82175E8}.Debug|x64.Build.0 = Debug|Any CPU
		{EBFA73C2-7FFB-48C1-97E9-C8BBB82175E8}.Debug|x86.ActiveCfg = Debug|Any CPU
		{EBFA73C2-7FFB-48C1-97E9-C8BBB82175E8}.Debug|x86.Build.0 = Debug|Any CPU
		{EBFA73C2-7FFB-48C1-97E9-C8BBB82175E8}.Release|Any CPU.ActiveCfg = Release|Any CPU
		{EBFA73C2-7FFB-48C1-97E9-C8BBB82175E8}.Release|Any CPU.Build.0 = Release|Any CPU
		{EBFA73C2-7FFB-48C1-97E9-C8BBB82175E8}.Release|x64.ActiveCfg = Release|Any CPU
		{EBFA73C2-7FFB-48C1-97E9-C8BBB82175E8}.Release|x64.Build.0 = Release|Any CPU
		{EBFA73C2-7FFB-48C1-97E9-C8BBB82175E8}.Release|x86.ActiveCfg = Release|Any CPU
		{EBFA73C2-7FFB-48C1-97E9-C8BBB82175E8}.Release|x86.Build.0 = Release|Any CPU
		{CCEB3347-7AF6-41D3-A77D-594F652661E9}.Debug|Any CPU.ActiveCfg = Debug|Any CPU
		{CCEB3347-7AF6-41D3-A77D-594F652661E9}.Debug|Any CPU.Build.0 = Debug|Any CPU
		{CCEB3347-7AF6-41D3-A77D-594F652661E9}.Debug|x64.ActiveCfg = Debug|Any CPU
		{CCEB3347-7AF6-41D3-A77D-594F652661E9}.Debug|x64.Build.0 = Debug|Any CPU
		{CCEB3347-7AF6-41D3-A77D-594F652661E9}.Debug|x86.ActiveCfg = Debug|Any CPU
		{CCEB3347-7AF6-41D3-A77D-594F652661E9}.Debug|x86.Build.0 = Debug|Any CPU
		{CCEB3347-7AF6-41D3-A77D-594F652661E9}.Release|Any CPU.ActiveCfg = Release|Any CPU
		{CCEB3347-7AF6-41D3-A77D-594F652661E9}.Release|Any CPU.Build.0 = Release|Any CPU
		{CCEB3347-7AF6-41D3-A77D-594F652661E9}.Release|x64.ActiveCfg = Release|Any CPU
		{CCEB3347-7AF6-41D3-A77D-594F652661E9}.Release|x64.Build.0 = Release|Any CPU
		{CCEB3347-7AF6-41D3-A77D-594F652661E9}.Release|x86.ActiveCfg = Release|Any CPU
		{CCEB3347-7AF6-41D3-A77D-594F652661E9}.Release|x86.Build.0 = Release|Any CPU
		{383D6207-0A85-429C-A809-468477EC5882}.Debug|Any CPU.ActiveCfg = Debug|Any CPU
		{383D6207-0A85-429C-A809-468477EC5882}.Debug|Any CPU.Build.0 = Debug|Any CPU
		{383D6207-0A85-429C-A809-468477EC5882}.Debug|x64.ActiveCfg = Debug|Any CPU
		{383D6207-0A85-429C-A809-468477EC5882}.Debug|x64.Build.0 = Debug|Any CPU
		{383D6207-0A85-429C-A809-468477EC5882}.Debug|x86.ActiveCfg = Debug|Any CPU
		{383D6207-0A85-429C-A809-468477EC5882}.Debug|x86.Build.0 = Debug|Any CPU
		{383D6207-0A85-429C-A809-468477EC5882}.Release|Any CPU.ActiveCfg = Release|Any CPU
		{383D6207-0A85-429C-A809-468477EC5882}.Release|Any CPU.Build.0 = Release|Any CPU
		{383D6207-0A85-429C-A809-468477EC5882}.Release|x64.ActiveCfg = Release|Any CPU
		{383D6207-0A85-429C-A809-468477EC5882}.Release|x64.Build.0 = Release|Any CPU
		{383D6207-0A85-429C-A809-468477EC5882}.Release|x86.ActiveCfg = Release|Any CPU
		{383D6207-0A85-429C-A809-468477EC5882}.Release|x86.Build.0 = Release|Any CPU
		{9026F860-344A-4C64-A8D9-7E9FD187DE76}.Debug|Any CPU.ActiveCfg = Debug|Any CPU
		{9026F860-344A-4C64-A8D9-7E9FD187DE76}.Debug|Any CPU.Build.0 = Debug|Any CPU
		{9026F860-344A-4C64-A8D9-7E9FD187DE76}.Debug|x64.ActiveCfg = Debug|Any CPU
		{9026F860-344A-4C64-A8D9-7E9FD187DE76}.Debug|x64.Build.0 = Debug|Any CPU
		{9026F860-344A-4C64-A8D9-7E9FD187DE76}.Debug|x86.ActiveCfg = Debug|Any CPU
		{9026F860-344A-4C64-A8D9-7E9FD187DE76}.Debug|x86.Build.0 = Debug|Any CPU
		{9026F860-344A-4C64-A8D9-7E9FD187DE76}.Release|Any CPU.ActiveCfg = Release|Any CPU
		{9026F860-344A-4C64-A8D9-7E9FD187DE76}.Release|Any CPU.Build.0 = Release|Any CPU
		{9026F860-344A-4C64-A8D9-7E9FD187DE76}.Release|x64.ActiveCfg = Release|Any CPU
		{9026F860-344A-4C64-A8D9-7E9FD187DE76}.Release|x64.Build.0 = Release|Any CPU
		{9026F860-344A-4C64-A8D9-7E9FD187DE76}.Release|x86.ActiveCfg = Release|Any CPU
		{9026F860-344A-4C64-A8D9-7E9FD187DE76}.Release|x86.Build.0 = Release|Any CPU
		{9219361C-D24C-4132-89A2-B638EC340817}.Debug|Any CPU.ActiveCfg = Debug|Any CPU
		{9219361C-D24C-4132-89A2-B638EC340817}.Debug|Any CPU.Build.0 = Debug|Any CPU
		{9219361C-D24C-4132-89A2-B638EC340817}.Debug|x64.ActiveCfg = Debug|Any CPU
		{9219361C-D24C-4132-89A2-B638EC340817}.Debug|x64.Build.0 = Debug|Any CPU
		{9219361C-D24C-4132-89A2-B638EC340817}.Debug|x86.ActiveCfg = Debug|Any CPU
		{9219361C-D24C-4132-89A2-B638EC340817}.Debug|x86.Build.0 = Debug|Any CPU
		{9219361C-D24C-4132-89A2-B638EC340817}.Release|Any CPU.ActiveCfg = Release|Any CPU
		{9219361C-D24C-4132-89A2-B638EC340817}.Release|Any CPU.Build.0 = Release|Any CPU
		{9219361C-D24C-4132-89A2-B638EC340817}.Release|x64.ActiveCfg = Release|Any CPU
		{9219361C-D24C-4132-89A2-B638EC340817}.Release|x64.Build.0 = Release|Any CPU
		{9219361C-D24C-4132-89A2-B638EC340817}.Release|x86.ActiveCfg = Release|Any CPU
		{9219361C-D24C-4132-89A2-B638EC340817}.Release|x86.Build.0 = Release|Any CPU
		{9DDC7D67-BC3C-4DC9-9A20-DFF4D6983D13}.Debug|Any CPU.ActiveCfg = Debug|Any CPU
		{9DDC7D67-BC3C-4DC9-9A20-DFF4D6983D13}.Debug|Any CPU.Build.0 = Debug|Any CPU
		{9DDC7D67-BC3C-4DC9-9A20-DFF4D6983D13}.Debug|x64.ActiveCfg = Debug|Any CPU
		{9DDC7D67-BC3C-4DC9-9A20-DFF4D6983D13}.Debug|x64.Build.0 = Debug|Any CPU
		{9DDC7D67-BC3C-4DC9-9A20-DFF4D6983D13}.Debug|x86.ActiveCfg = Debug|Any CPU
		{9DDC7D67-BC3C-4DC9-9A20-DFF4D6983D13}.Debug|x86.Build.0 = Debug|Any CPU
		{9DDC7D67-BC3C-4DC9-9A20-DFF4D6983D13}.Release|Any CPU.ActiveCfg = Release|Any CPU
		{9DDC7D67-BC3C-4DC9-9A20-DFF4D6983D13}.Release|Any CPU.Build.0 = Release|Any CPU
		{9DDC7D67-BC3C-4DC9-9A20-DFF4D6983D13}.Release|x64.ActiveCfg = Release|Any CPU
		{9DDC7D67-BC3C-4DC9-9A20-DFF4D6983D13}.Release|x64.Build.0 = Release|Any CPU
		{9DDC7D67-BC3C-4DC9-9A20-DFF4D6983D13}.Release|x86.ActiveCfg = Release|Any CPU
		{9DDC7D67-BC3C-4DC9-9A20-DFF4D6983D13}.Release|x86.Build.0 = Release|Any CPU
	EndGlobalSection
	GlobalSection(SolutionProperties) = preSolution
		HideSolutionNode = FALSE
	EndGlobalSection
EndGlobal
